
Microsoft Visual Studio Solution File, Format Version 12.00
# Visual Studio Version 17
VisualStudioVersion = 17.3.32922.545
MinimumVisualStudioVersion = 10.0.40219.1
Project("{FAE04EC0-301F-11D3-BF4B-00C04F79EFBC}") = "arabi2", "arabi2\arabi2.csproj", "{CDDF6035-0A0E-4077-B661-A5BCEAA6F22F}"
EndProject
Global
	GlobalSection(SolutionConfigurationPlatforms) = preSolution
		Debug|Any CPU = Debug|Any CPU
		Release|Any CPU = Release|Any CPU
	EndGlobalSection
	GlobalSection(ProjectConfigurationPlatforms) = postSolution
		{CDDF6035-0A0E-4077-B661-A5BCEAA6F22F}.Debug|Any CPU.ActiveCfg = Debug|Any CPU
		{CDDF6035-0A0E-4077-B661-A5BCEAA6F22F}.Debug|Any CPU.Build.0 = Debug|Any CPU
		{CDDF6035-0A0E-4077-B661-A5BCEAA6F22F}.Release|Any CPU.ActiveCfg = Release|Any CPU
		{CDDF6035-0A0E-4077-B661-A5BCEAA6F22F}.Release|Any CPU.Build.0 = Release|Any CPU
	EndGlobalSection
	GlobalSection(SolutionProperties) = preSolution
		HideSolutionNode = FALSE
	EndGlobalSection
	GlobalSection(ExtensibilityGlobals) = postSolution
		SolutionGuid = {F85AB52F-B3CF-4CD1-A8C4-85D95404D32B}
	EndGlobalSection
EndGlobal
